
Microsoft Visual Studio Solution File, Format Version 12.00
# Visual Studio Version 17
VisualStudioVersion = 17.10.35122.118
MinimumVisualStudioVersion = 10.0.40219.1
Project("{FAE04EC0-301F-11D3-BF4B-00C04F79EFBC}") = "Programmka2.0", "Programmka2.0.csproj", "{2F7869B7-9545-4008-A488-AB32D7A19A60}"
EndProject
Global
	GlobalSection(SolutionConfigurationPlatforms) = preSolution
		Debug|Any CPU = Debug|Any CPU
		Release|Any CPU = Release|Any CPU
	EndGlobalSection
	GlobalSection(ProjectConfigurationPlatforms) = postSolution
		{2F7869B7-9545-4008-A488-AB32D7A19A60}.Debug|Any CPU.ActiveCfg = Debug|Any CPU
		{2F7869B7-9545-4008-A488-AB32D7A19A60}.Debug|Any CPU.Build.0 = Debug|Any CPU
		{2F7869B7-9545-4008-A488-AB32D7A19A60}.Release|Any CPU.ActiveCfg = Release|Any CPU
		{2F7869B7-9545-4008-A488-AB32D7A19A60}.Release|Any CPU.Build.0 = Release|Any CPU
	EndGlobalSection
	GlobalSection(SolutionProperties) = preSolution
		HideSolutionNode = FALSE
	EndGlobalSection
	GlobalSection(ExtensibilityGlobals) = postSolution
		SolutionGuid = {88DBB939-EB17-466C-BE7B-E1973C5CCD55}
	EndGlobalSection
EndGlobal
